// !$*UTF8*$!
{
	archiveVersion = 1;
	classes = {
	};
	objectVersion = 46;
	objects = {

/* Begin PBXBuildFile section */
		D31EABE71A08E4A30082A22B /* panorama.cpp in Sources */ = {isa = PBXBuildFile; fileRef = D31EABE51A08E4A30082A22B /* panorama.cpp */; };
		D372BBAC19EB2BEF00497064 /* hybrid.cpp in Sources */ = {isa = PBXBuildFile; fileRef = D372BBAA19EB2BEF00497064 /* hybrid.cpp */; };
		D3BFBB5E19EAF64B00E1BCE7 /* libopencv_imgproc.2.4.10.dylib in Frameworks */ = {isa = PBXBuildFile; fileRef = D3BFBB5D19EAF64B00E1BCE7 /* libopencv_imgproc.2.4.10.dylib */; };
		D3BFBB6019EAF64E00E1BCE7 /* libopencv_highgui.2.4.10.dylib in Frameworks */ = {isa = PBXBuildFile; fileRef = D3BFBB5F19EAF64E00E1BCE7 /* libopencv_highgui.2.4.10.dylib */; };
		D3BFBB6219EAF65200E1BCE7 /* libopencv_core.2.4.10.dylib in Frameworks */ = {isa = PBXBuildFile; fileRef = D3BFBB6119EAF65200E1BCE7 /* libopencv_core.2.4.10.dylib */; };
		D3E2CFD71A19082400FB81E0 /* libopencv_nonfree.2.4.10.dylib in Frameworks */ = {isa = PBXBuildFile; fileRef = D3E2CFD61A19082400FB81E0 /* libopencv_nonfree.2.4.10.dylib */; };
		D3E2CFE51A19086000FB81E0 /* libopencv_calib3d.2.4.10.dylib in Frameworks */ = {isa = PBXBuildFile; fileRef = D3E2CFD81A19086000FB81E0 /* libopencv_calib3d.2.4.10.dylib */; };
		D3E2CFE61A19086000FB81E0 /* libopencv_contrib.2.4.10.dylib in Frameworks */ = {isa = PBXBuildFile; fileRef = D3E2CFD91A19086000FB81E0 /* libopencv_contrib.2.4.10.dylib */; };
		D3E2CFE71A19086000FB81E0 /* libopencv_features2d.2.4.10.dylib in Frameworks */ = {isa = PBXBuildFile; fileRef = D3E2CFDA1A19086000FB81E0 /* libopencv_features2d.2.4.10.dylib */; };
		D3E2CFE81A19086000FB81E0 /* libopencv_flann.2.4.10.dylib in Frameworks */ = {isa = PBXBuildFile; fileRef = D3E2CFDB1A19086000FB81E0 /* libopencv_flann.2.4.10.dylib */; };
		D3E2CFE91A19086000FB81E0 /* libopencv_gpu.2.4.10.dylib in Frameworks */ = {isa = PBXBuildFile; fileRef = D3E2CFDC1A19086000FB81E0 /* libopencv_gpu.2.4.10.dylib */; };
		D3E2CFEA1A19086000FB81E0 /* libopencv_legacy.2.4.10.dylib in Frameworks */ = {isa = PBXBuildFile; fileRef = D3E2CFDD1A19086000FB81E0 /* libopencv_legacy.2.4.10.dylib */; };
		D3E2CFEB1A19086000FB81E0 /* libopencv_ml.2.4.10.dylib in Frameworks */ = {isa = PBXBuildFile; fileRef = D3E2CFDE1A19086000FB81E0 /* libopencv_ml.2.4.10.dylib */; };
		D3E2CFEC1A19086000FB81E0 /* libopencv_objdetect.2.4.10.dylib in Frameworks */ = {isa = PBXBuildFile; fileRef = D3E2CFDF1A19086000FB81E0 /* libopencv_objdetect.2.4.10.dylib */; };
		D3E2CFED1A19086000FB81E0 /* libopencv_photo.2.4.10.dylib in Frameworks */ = {isa = PBXBuildFile; fileRef = D3E2CFE01A19086000FB81E0 /* libopencv_photo.2.4.10.dylib */; };
		D3E2CFEE1A19086000FB81E0 /* libopencv_stitching.2.4.10.dylib in Frameworks */ = {isa = PBXBuildFile; fileRef = D3E2CFE11A19086000FB81E0 /* libopencv_stitching.2.4.10.dylib */; };
		D3E2CFEF1A19086000FB81E0 /* libopencv_superres.2.4.10.dylib in Frameworks */ = {isa = PBXBuildFile; fileRef = D3E2CFE21A19086000FB81E0 /* libopencv_superres.2.4.10.dylib */; };
		D3E2CFF01A19086000FB81E0 /* libopencv_video.2.4.10.dylib in Frameworks */ = {isa = PBXBuildFile; fileRef = D3E2CFE31A19086000FB81E0 /* libopencv_video.2.4.10.dylib */; };
		D3E2CFF11A19086000FB81E0 /* libopencv_videostab.2.4.10.dylib in Frameworks */ = {isa = PBXBuildFile; fileRef = D3E2CFE41A19086000FB81E0 /* libopencv_videostab.2.4.10.dylib */; };
		D3FEA55119EAF3FB002B7F08 /* main.cpp in Sources */ = {isa = PBXBuildFile; fileRef = D3FEA55019EAF3FA002B7F08 /* main.cpp */; };
/* End PBXBuildFile section */

/* Begin PBXCopyFilesBuildPhase section */
		D3FEA54B19EAF3FA002B7F08 /* CopyFiles */ = {
			isa = PBXCopyFilesBuildPhase;
			buildActionMask = 2147483647;
			dstPath = /usr/share/man/man1/;
			dstSubfolderSpec = 0;
			files = (
			);
			runOnlyForDeploymentPostprocessing = 1;
		};
/* End PBXCopyFilesBuildPhase section */

/* Begin PBXFileReference section */
		D31EABE51A08E4A30082A22B /* panorama.cpp */ = {isa = PBXFileReference; fileEncoding = 4; lastKnownFileType = sourcecode.cpp.cpp; path = panorama.cpp; sourceTree = "<group>"; };
		D31EABE61A08E4A30082A22B /* panorama.h */ = {isa = PBXFileReference; fileEncoding = 4; lastKnownFileType = sourcecode.c.h; path = panorama.h; sourceTree = "<group>"; };
		D372BBAA19EB2BEF00497064 /* hybrid.cpp */ = {isa = PBXFileReference; fileEncoding = 4; lastKnownFileType = sourcecode.cpp.cpp; path = hybrid.cpp; sourceTree = "<group>"; };
		D372BBAB19EB2BEF00497064 /* hybrid.h */ = {isa = PBXFileReference; fileEncoding = 4; lastKnownFileType = sourcecode.c.h; path = hybrid.h; sourceTree = "<group>"; };
		D3BFBB5D19EAF64B00E1BCE7 /* libopencv_imgproc.2.4.10.dylib */ = {isa = PBXFileReference; lastKnownFileType = "compiled.mach-o.dylib"; name = libopencv_imgproc.2.4.10.dylib; path = /opt/local/lib/libopencv_imgproc.2.4.10.dylib; sourceTree = "<absolute>"; };
		D3BFBB5F19EAF64E00E1BCE7 /* libopencv_highgui.2.4.10.dylib */ = {isa = PBXFileReference; lastKnownFileType = "compiled.mach-o.dylib"; name = libopencv_highgui.2.4.10.dylib; path = /opt/local/lib/libopencv_highgui.2.4.10.dylib; sourceTree = "<absolute>"; };
		D3BFBB6119EAF65200E1BCE7 /* libopencv_core.2.4.10.dylib */ = {isa = PBXFileReference; lastKnownFileType = "compiled.mach-o.dylib"; name = libopencv_core.2.4.10.dylib; path = /opt/local/lib/libopencv_core.2.4.10.dylib; sourceTree = "<absolute>"; };
		D3BFBB6319EAF96400E1BCE7 /* README.md */ = {isa = PBXFileReference; fileEncoding = 4; lastKnownFileType = net.daringfireball.markdown; path = README.md; sourceTree = SOURCE_ROOT; };
		D3BFBB6819EAFC0A00E1BCE7 /* lena.jpg */ = {isa = PBXFileReference; lastKnownFileType = image.jpeg; path = lena.jpg; sourceTree = "<group>"; };
		D3BFBB6B19EAFF9800E1BCE7 /* bicycle.bmp */ = {isa = PBXFileReference; lastKnownFileType = image.bmp; path = bicycle.bmp; sourceTree = "<group>"; };
		D3BFBB6C19EAFF9800E1BCE7 /* bird.bmp */ = {isa = PBXFileReference; lastKnownFileType = image.bmp; path = bird.bmp; sourceTree = "<group>"; };
		D3BFBB6D19EAFF9800E1BCE7 /* cat.bmp */ = {isa = PBXFileReference; lastKnownFileType = image.bmp; path = cat.bmp; sourceTree = "<group>"; };
		D3BFBB6E19EAFF9800E1BCE7 /* dog.bmp */ = {isa = PBXFileReference; lastKnownFileType = image.bmp; path = dog.bmp; sourceTree = "<group>"; };
		D3BFBB6F19EAFF9800E1BCE7 /* einstein.bmp */ = {isa = PBXFileReference; lastKnownFileType = image.bmp; path = einstein.bmp; sourceTree = "<group>"; };
		D3BFBB7019EAFF9800E1BCE7 /* fish.bmp */ = {isa = PBXFileReference; lastKnownFileType = image.bmp; path = fish.bmp; sourceTree = "<group>"; };
		D3BFBB7119EAFF9800E1BCE7 /* marilyn.bmp */ = {isa = PBXFileReference; lastKnownFileType = image.bmp; path = marilyn.bmp; sourceTree = "<group>"; };
		D3BFBB7219EAFF9800E1BCE7 /* motorcycle.bmp */ = {isa = PBXFileReference; lastKnownFileType = image.bmp; path = motorcycle.bmp; sourceTree = "<group>"; };
		D3BFBB7319EAFF9800E1BCE7 /* plane.bmp */ = {isa = PBXFileReference; lastKnownFileType = image.bmp; path = plane.bmp; sourceTree = "<group>"; };
		D3BFBB7419EAFF9800E1BCE7 /* submarine.bmp */ = {isa = PBXFileReference; lastKnownFileType = image.bmp; path = submarine.bmp; sourceTree = "<group>"; };
		D3E2CFD61A19082400FB81E0 /* libopencv_nonfree.2.4.10.dylib */ = {isa = PBXFileReference; lastKnownFileType = "compiled.mach-o.dylib"; name = libopencv_nonfree.2.4.10.dylib; path = /opt/local/lib/libopencv_nonfree.2.4.10.dylib; sourceTree = "<absolute>"; };
		D3E2CFD81A19086000FB81E0 /* libopencv_calib3d.2.4.10.dylib */ = {isa = PBXFileReference; lastKnownFileType = "compiled.mach-o.dylib"; name = libopencv_calib3d.2.4.10.dylib; path = /opt/local/lib/libopencv_calib3d.2.4.10.dylib; sourceTree = "<absolute>"; };
		D3E2CFD91A19086000FB81E0 /* libopencv_contrib.2.4.10.dylib */ = {isa = PBXFileReference; lastKnownFileType = "compiled.mach-o.dylib"; name = libopencv_contrib.2.4.10.dylib; path = /opt/local/lib/libopencv_contrib.2.4.10.dylib; sourceTree = "<absolute>"; };
		D3E2CFDA1A19086000FB81E0 /* libopencv_features2d.2.4.10.dylib */ = {isa = PBXFileReference; lastKnownFileType = "compiled.mach-o.dylib"; name = libopencv_features2d.2.4.10.dylib; path = /opt/local/lib/libopencv_features2d.2.4.10.dylib; sourceTree = "<absolute>"; };
		D3E2CFDB1A19086000FB81E0 /* libopencv_flann.2.4.10.dylib */ = {isa = PBXFileReference; lastKnownFileType = "compiled.mach-o.dylib"; name = libopencv_flann.2.4.10.dylib; path = /opt/local/lib/libopencv_flann.2.4.10.dylib; sourceTree = "<absolute>"; };
		D3E2CFDC1A19086000FB81E0 /* libopencv_gpu.2.4.10.dylib */ = {isa = PBXFileReference; lastKnownFileType = "compiled.mach-o.dylib"; name = libopencv_gpu.2.4.10.dylib; path = /opt/local/lib/libopencv_gpu.2.4.10.dylib; sourceTree = "<absolute>"; };
		D3E2CFDD1A19086000FB81E0 /* libopencv_legacy.2.4.10.dylib */ = {isa = PBXFileReference; lastKnownFileType = "compiled.mach-o.dylib"; name = libopencv_legacy.2.4.10.dylib; path = /opt/local/lib/libopencv_legacy.2.4.10.dylib; sourceTree = "<absolute>"; };
		D3E2CFDE1A19086000FB81E0 /* libopencv_ml.2.4.10.dylib */ = {isa = PBXFileReference; lastKnownFileType = "compiled.mach-o.dylib"; name = libopencv_ml.2.4.10.dylib; path = /opt/local/lib/libopencv_ml.2.4.10.dylib; sourceTree = "<absolute>"; };
		D3E2CFDF1A19086000FB81E0 /* libopencv_objdetect.2.4.10.dylib */ = {isa = PBXFileReference; lastKnownFileType = "compiled.mach-o.dylib"; name = libopencv_objdetect.2.4.10.dylib; path = /opt/local/lib/libopencv_objdetect.2.4.10.dylib; sourceTree = "<absolute>"; };
		D3E2CFE01A19086000FB81E0 /* libopencv_photo.2.4.10.dylib */ = {isa = PBXFileReference; lastKnownFileType = "compiled.mach-o.dylib"; name = libopencv_photo.2.4.10.dylib; path = /opt/local/lib/libopencv_photo.2.4.10.dylib; sourceTree = "<absolute>"; };
		D3E2CFE11A19086000FB81E0 /* libopencv_stitching.2.4.10.dylib */ = {isa = PBXFileReference; lastKnownFileType = "compiled.mach-o.dylib"; name = libopencv_stitching.2.4.10.dylib; path = /opt/local/lib/libopencv_stitching.2.4.10.dylib; sourceTree = "<absolute>"; };
		D3E2CFE21A19086000FB81E0 /* libopencv_superres.2.4.10.dylib */ = {isa = PBXFileReference; lastKnownFileType = "compiled.mach-o.dylib"; name = libopencv_superres.2.4.10.dylib; path = /opt/local/lib/libopencv_superres.2.4.10.dylib; sourceTree = "<absolute>"; };
		D3E2CFE31A19086000FB81E0 /* libopencv_video.2.4.10.dylib */ = {isa = PBXFileReference; lastKnownFileType = "compiled.mach-o.dylib"; name = libopencv_video.2.4.10.dylib; path = /opt/local/lib/libopencv_video.2.4.10.dylib; sourceTree = "<absolute>"; };
		D3E2CFE41A19086000FB81E0 /* libopencv_videostab.2.4.10.dylib */ = {isa = PBXFileReference; lastKnownFileType = "compiled.mach-o.dylib"; name = libopencv_videostab.2.4.10.dylib; path = /opt/local/lib/libopencv_videostab.2.4.10.dylib; sourceTree = "<absolute>"; };
		D3FEA54D19EAF3FA002B7F08 /* computer-vision */ = {isa = PBXFileReference; explicitFileType = "compiled.mach-o.executable"; includeInIndex = 0; path = "computer-vision"; sourceTree = BUILT_PRODUCTS_DIR; };
		D3FEA55019EAF3FA002B7F08 /* main.cpp */ = {isa = PBXFileReference; lastKnownFileType = sourcecode.cpp.cpp; path = main.cpp; sourceTree = "<group>"; };
/* End PBXFileReference section */

/* Begin PBXFrameworksBuildPhase section */
		D3FEA54A19EAF3FA002B7F08 /* Frameworks */ = {
			isa = PBXFrameworksBuildPhase;
			buildActionMask = 2147483647;
			files = (
				D3E2CFE51A19086000FB81E0 /* libopencv_calib3d.2.4.10.dylib in Frameworks */,
				D3E2CFE61A19086000FB81E0 /* libopencv_contrib.2.4.10.dylib in Frameworks */,
				D3E2CFE71A19086000FB81E0 /* libopencv_features2d.2.4.10.dylib in Frameworks */,
				D3E2CFE81A19086000FB81E0 /* libopencv_flann.2.4.10.dylib in Frameworks */,
				D3E2CFE91A19086000FB81E0 /* libopencv_gpu.2.4.10.dylib in Frameworks */,
				D3E2CFEA1A19086000FB81E0 /* libopencv_legacy.2.4.10.dylib in Frameworks */,
				D3E2CFEB1A19086000FB81E0 /* libopencv_ml.2.4.10.dylib in Frameworks */,
				D3E2CFEC1A19086000FB81E0 /* libopencv_objdetect.2.4.10.dylib in Frameworks */,
				D3E2CFED1A19086000FB81E0 /* libopencv_photo.2.4.10.dylib in Frameworks */,
				D3E2CFEE1A19086000FB81E0 /* libopencv_stitching.2.4.10.dylib in Frameworks */,
				D3E2CFEF1A19086000FB81E0 /* libopencv_superres.2.4.10.dylib in Frameworks */,
				D3E2CFF01A19086000FB81E0 /* libopencv_video.2.4.10.dylib in Frameworks */,
				D3E2CFF11A19086000FB81E0 /* libopencv_videostab.2.4.10.dylib in Frameworks */,
				D3BFBB6219EAF65200E1BCE7 /* libopencv_core.2.4.10.dylib in Frameworks */,
				D3BFBB6019EAF64E00E1BCE7 /* libopencv_highgui.2.4.10.dylib in Frameworks */,
				D3BFBB5E19EAF64B00E1BCE7 /* libopencv_imgproc.2.4.10.dylib in Frameworks */,
				D3E2CFD71A19082400FB81E0 /* libopencv_nonfree.2.4.10.dylib in Frameworks */,
			);
			runOnlyForDeploymentPostprocessing = 0;
		};
/* End PBXFrameworksBuildPhase section */

/* Begin PBXGroup section */
		D3BFBB6719EAFC0A00E1BCE7 /* images */ = {
			isa = PBXGroup;
			children = (
				D3BFBB6B19EAFF9800E1BCE7 /* bicycle.bmp */,
				D3BFBB6C19EAFF9800E1BCE7 /* bird.bmp */,
				D3BFBB6D19EAFF9800E1BCE7 /* cat.bmp */,
				D3BFBB6E19EAFF9800E1BCE7 /* dog.bmp */,
				D3BFBB6F19EAFF9800E1BCE7 /* einstein.bmp */,
				D3BFBB7019EAFF9800E1BCE7 /* fish.bmp */,
				D3BFBB7119EAFF9800E1BCE7 /* marilyn.bmp */,
				D3BFBB7219EAFF9800E1BCE7 /* motorcycle.bmp */,
				D3BFBB7319EAFF9800E1BCE7 /* plane.bmp */,
				D3BFBB7419EAFF9800E1BCE7 /* submarine.bmp */,
				D3BFBB6819EAFC0A00E1BCE7 /* lena.jpg */,
			);
			path = images;
			sourceTree = "<group>";
		};
		D3E2CFF21A19089B00FB81E0 /* library */ = {
			isa = PBXGroup;
			children = (
				D3E2CFD81A19086000FB81E0 /* libopencv_calib3d.2.4.10.dylib */,
				D3E2CFD91A19086000FB81E0 /* libopencv_contrib.2.4.10.dylib */,
				D3E2CFDA1A19086000FB81E0 /* libopencv_features2d.2.4.10.dylib */,
				D3E2CFDB1A19086000FB81E0 /* libopencv_flann.2.4.10.dylib */,
				D3E2CFDC1A19086000FB81E0 /* libopencv_gpu.2.4.10.dylib */,
				D3E2CFDD1A19086000FB81E0 /* libopencv_legacy.2.4.10.dylib */,
				D3E2CFDE1A19086000FB81E0 /* libopencv_ml.2.4.10.dylib */,
				D3E2CFDF1A19086000FB81E0 /* libopencv_objdetect.2.4.10.dylib */,
				D3E2CFE01A19086000FB81E0 /* libopencv_photo.2.4.10.dylib */,
				D3E2CFE11A19086000FB81E0 /* libopencv_stitching.2.4.10.dylib */,
				D3BFBB5D19EAF64B00E1BCE7 /* libopencv_imgproc.2.4.10.dylib */,
				D3E2CFE21A19086000FB81E0 /* libopencv_superres.2.4.10.dylib */,
				D3E2CFE31A19086000FB81E0 /* libopencv_video.2.4.10.dylib */,
				D3E2CFE41A19086000FB81E0 /* libopencv_videostab.2.4.10.dylib */,
				D3E2CFD61A19082400FB81E0 /* libopencv_nonfree.2.4.10.dylib */,
				D3BFBB6119EAF65200E1BCE7 /* libopencv_core.2.4.10.dylib */,
				D3BFBB5F19EAF64E00E1BCE7 /* libopencv_highgui.2.4.10.dylib */,
			);
			name = library;
			path = src;
			sourceTree = "<group>";
		};
		D3FEA54419EAF3FA002B7F08 = {
			isa = PBXGroup;
			children = (
				D3E2CFF21A19089B00FB81E0 /* library */,
				D3FEA54F19EAF3FA002B7F08 /* src */,
				D3FEA54E19EAF3FA002B7F08 /* Products */,
			);
			sourceTree = "<group>";
		};
		D3FEA54E19EAF3FA002B7F08 /* Products */ = {
			isa = PBXGroup;
			children = (
				D3FEA54D19EAF3FA002B7F08 /* computer-vision */,
			);
			name = Products;
			sourceTree = "<group>";
		};
		D3FEA54F19EAF3FA002B7F08 /* src */ = {
			isa = PBXGroup;
			children = (
				D372BBAA19EB2BEF00497064 /* hybrid.cpp */,
				D372BBAB19EB2BEF00497064 /* hybrid.h */,
				D31EABE51A08E4A30082A22B /* panorama.cpp */,
				D31EABE61A08E4A30082A22B /* panorama.h */,
				D3FEA55019EAF3FA002B7F08 /* main.cpp */,
				D3BFBB6719EAFC0A00E1BCE7 /* images */,
				D3BFBB6319EAF96400E1BCE7 /* README.md */,
			);
			path = src;
			sourceTree = "<group>";
		};
/* End PBXGroup section */

/* Begin PBXNativeTarget section */
		D3FEA54C19EAF3FA002B7F08 /* computer-vision */ = {
			isa = PBXNativeTarget;
			buildConfigurationList = D3FEA55419EAF3FB002B7F08 /* Build configuration list for PBXNativeTarget "computer-vision" */;
			buildPhases = (
				D3FEA54919EAF3FA002B7F08 /* Sources */,
				D3FEA54A19EAF3FA002B7F08 /* Frameworks */,
				D3FEA54B19EAF3FA002B7F08 /* CopyFiles */,
			);
			buildRules = (
			);
			dependencies = (
			);
			name = "computer-vision";
			productName = "computer-vision";
			productReference = D3FEA54D19EAF3FA002B7F08 /* computer-vision */;
			productType = "com.apple.product-type.tool";
		};
/* End PBXNativeTarget section */

/* Begin PBXProject section */
		D3FEA54519EAF3FA002B7F08 /* Project object */ = {
			isa = PBXProject;
			attributes = {
				LastUpgradeCheck = 0600;
				ORGANIZATIONNAME = "Alberto Quesada Aranda";
				TargetAttributes = {
					D3FEA54C19EAF3FA002B7F08 = {
						CreatedOnToolsVersion = 6.0.1;
					};
				};
			};
			buildConfigurationList = D3FEA54819EAF3FA002B7F08 /* Build configuration list for PBXProject "computer-vision" */;
			compatibilityVersion = "Xcode 3.2";
			developmentRegion = English;
			hasScannedForEncodings = 0;
			knownRegions = (
				en,
			);
			mainGroup = D3FEA54419EAF3FA002B7F08;
			productRefGroup = D3FEA54E19EAF3FA002B7F08 /* Products */;
			projectDirPath = "";
			projectRoot = "";
			targets = (
				D3FEA54C19EAF3FA002B7F08 /* computer-vision */,
			);
		};
/* End PBXProject section */

/* Begin PBXSourcesBuildPhase section */
		D3FEA54919EAF3FA002B7F08 /* Sources */ = {
			isa = PBXSourcesBuildPhase;
			buildActionMask = 2147483647;
			files = (
				D31EABE71A08E4A30082A22B /* panorama.cpp in Sources */,
				D372BBAC19EB2BEF00497064 /* hybrid.cpp in Sources */,
				D3FEA55119EAF3FB002B7F08 /* main.cpp in Sources */,
			);
			runOnlyForDeploymentPostprocessing = 0;
		};
/* End PBXSourcesBuildPhase section */

/* Begin XCBuildConfiguration section */
		D3FEA55219EAF3FB002B7F08 /* Debug */ = {
			isa = XCBuildConfiguration;
			buildSettings = {
				ALWAYS_SEARCH_USER_PATHS = NO;
				CLANG_CXX_LANGUAGE_STANDARD = "gnu++0x";
				CLANG_CXX_LIBRARY = "libc++";
				CLANG_ENABLE_MODULES = YES;
				CLANG_ENABLE_OBJC_ARC = YES;
				CLANG_WARN_BOOL_CONVERSION = YES;
				CLANG_WARN_CONSTANT_CONVERSION = YES;
				CLANG_WARN_DIRECT_OBJC_ISA_USAGE = YES_ERROR;
				CLANG_WARN_EMPTY_BODY = YES;
				CLANG_WARN_ENUM_CONVERSION = YES;
				CLANG_WARN_INT_CONVERSION = YES;
				CLANG_WARN_OBJC_ROOT_CLASS = YES_ERROR;
				CLANG_WARN_UNREACHABLE_CODE = YES;
				CLANG_WARN__DUPLICATE_METHOD_MATCH = YES;
				COPY_PHASE_STRIP = NO;
				ENABLE_STRICT_OBJC_MSGSEND = YES;
				GCC_C_LANGUAGE_STANDARD = gnu99;
				GCC_DYNAMIC_NO_PIC = NO;
				GCC_OPTIMIZATION_LEVEL = 0;
				GCC_PREPROCESSOR_DEFINITIONS = (
					"DEBUG=1",
					"$(inherited)",
				);
				GCC_SYMBOLS_PRIVATE_EXTERN = NO;
				GCC_WARN_64_TO_32_BIT_CONVERSION = YES;
				GCC_WARN_ABOUT_RETURN_TYPE = YES_ERROR;
				GCC_WARN_UNDECLARED_SELECTOR = YES;
				GCC_WARN_UNINITIALIZED_AUTOS = YES_AGGRESSIVE;
				GCC_WARN_UNUSED_FUNCTION = YES;
				GCC_WARN_UNUSED_VARIABLE = YES;
				MACOSX_DEPLOYMENT_TARGET = 10.9;
				MTL_ENABLE_DEBUG_INFO = YES;
				ONLY_ACTIVE_ARCH = YES;
				SDKROOT = macosx;
			};
			name = Debug;
		};
		D3FEA55319EAF3FB002B7F08 /* Release */ = {
			isa = XCBuildConfiguration;
			buildSettings = {
				ALWAYS_SEARCH_USER_PATHS = NO;
				CLANG_CXX_LANGUAGE_STANDARD = "gnu++0x";
				CLANG_CXX_LIBRARY = "libc++";
				CLANG_ENABLE_MODULES = YES;
				CLANG_ENABLE_OBJC_ARC = YES;
				CLANG_WARN_BOOL_CONVERSION = YES;
				CLANG_WARN_CONSTANT_CONVERSION = YES;
				CLANG_WARN_DIRECT_OBJC_ISA_USAGE = YES_ERROR;
				CLANG_WARN_EMPTY_BODY = YES;
				CLANG_WARN_ENUM_CONVERSION = YES;
				CLANG_WARN_INT_CONVERSION = YES;
				CLANG_WARN_OBJC_ROOT_CLASS = YES_ERROR;
				CLANG_WARN_UNREACHABLE_CODE = YES;
				CLANG_WARN__DUPLICATE_METHOD_MATCH = YES;
				COPY_PHASE_STRIP = YES;
				DEBUG_INFORMATION_FORMAT = "dwarf-with-dsym";
				ENABLE_NS_ASSERTIONS = NO;
				ENABLE_STRICT_OBJC_MSGSEND = YES;
				GCC_C_LANGUAGE_STANDARD = gnu99;
				GCC_WARN_64_TO_32_BIT_CONVERSION = YES;
				GCC_WARN_ABOUT_RETURN_TYPE = YES_ERROR;
				GCC_WARN_UNDECLARED_SELECTOR = YES;
				GCC_WARN_UNINITIALIZED_AUTOS = YES_AGGRESSIVE;
				GCC_WARN_UNUSED_FUNCTION = YES;
				GCC_WARN_UNUSED_VARIABLE = YES;
				MACOSX_DEPLOYMENT_TARGET = 10.9;
				MTL_ENABLE_DEBUG_INFO = NO;
				SDKROOT = macosx;
			};
			name = Release;
		};
		D3FEA55519EAF3FB002B7F08 /* Debug */ = {
			isa = XCBuildConfiguration;
			buildSettings = {
				HEADER_SEARCH_PATHS = /opt/local/include/;
				LIBRARY_SEARCH_PATHS = /opt/local/lib;
				PRODUCT_NAME = "$(TARGET_NAME)";
			};
			name = Debug;
		};
		D3FEA55619EAF3FB002B7F08 /* Release */ = {
			isa = XCBuildConfiguration;
			buildSettings = {
				HEADER_SEARCH_PATHS = /opt/local/include/;
				LIBRARY_SEARCH_PATHS = /opt/local/lib;
				PRODUCT_NAME = "$(TARGET_NAME)";
			};
			name = Release;
		};
/* End XCBuildConfiguration section */

/* Begin XCConfigurationList section */
		D3FEA54819EAF3FA002B7F08 /* Build configuration list for PBXProject "computer-vision" */ = {
			isa = XCConfigurationList;
			buildConfigurations = (
				D3FEA55219EAF3FB002B7F08 /* Debug */,
				D3FEA55319EAF3FB002B7F08 /* Release */,
			);
			defaultConfigurationIsVisible = 0;
			defaultConfigurationName = Release;
		};
		D3FEA55419EAF3FB002B7F08 /* Build configuration list for PBXNativeTarget "computer-vision" */ = {
			isa = XCConfigurationList;
			buildConfigurations = (
				D3FEA55519EAF3FB002B7F08 /* Debug */,
				D3FEA55619EAF3FB002B7F08 /* Release */,
			);
			defaultConfigurationIsVisible = 0;
			defaultConfigurationName = Release;
		};
/* End XCConfigurationList section */
	};
	rootObject = D3FEA54519EAF3FA002B7F08 /* Project object */;
}
